
Microsoft Visual Studio Solution File, Format Version 12.00
# Visual Studio Version 17
VisualStudioVersion = 17.6.33815.320
MinimumVisualStudioVersion = 10.0.40219.1
Project("{FAE04EC0-301F-11D3-BF4B-00C04F79EFBC}") = "Hm_InstructionCycle", "Hm_InstructionCycle\Hm_InstructionCycle.csproj", "{51A3B3A7-CDD9-464A-8011-29D6E7F27F22}"
EndProject
Global
	GlobalSection(SolutionConfigurationPlatforms) = preSolution
		Debug|Any CPU = Debug|Any CPU
		Release|Any CPU = Release|Any CPU
	EndGlobalSection
	GlobalSection(ProjectConfigurationPlatforms) = postSolution
		{51A3B3A7-CDD9-464A-8011-29D6E7F27F22}.Debug|Any CPU.ActiveCfg = Debug|Any CPU
		{51A3B3A7-CDD9-464A-8011-29D6E7F27F22}.Debug|Any CPU.Build.0 = Debug|Any CPU
		{51A3B3A7-CDD9-464A-8011-29D6E7F27F22}.Release|Any CPU.ActiveCfg = Release|Any CPU
		{51A3B3A7-CDD9-464A-8011-29D6E7F27F22}.Release|Any CPU.Build.0 = Release|Any CPU
	EndGlobalSection
	GlobalSection(SolutionProperties) = preSolution
		HideSolutionNode = FALSE
	EndGlobalSection
	GlobalSection(ExtensibilityGlobals) = postSolution
		SolutionGuid = {58F81142-CEE4-497E-83E5-3C1B9C4EA472}
	EndGlobalSection
EndGlobal
